
Microsoft Visual Studio Solution File, Format Version 12.00
# Visual Studio Version 17
VisualStudioVersion = 17.0.31903.59
MinimumVisualStudioVersion = 10.0.40219.1
Project("{FAE04EC0-301F-11D3-BF4B-00C04F79EFBC}") = "FirstDemo", "FirstDemo\FirstDemo.csproj", "{E6C5926F-132F-415D-9C1F-3513F26F5261}"
EndProject
Global
	GlobalSection(SolutionConfigurationPlatforms) = preSolution
		Debug|Any CPU = Debug|Any CPU
		Release|Any CPU = Release|Any CPU
	EndGlobalSection
	GlobalSection(ProjectConfigurationPlatforms) = postSolution
		{E6C5926F-132F-415D-9C1F-3513F26F5261}.Debug|Any CPU.ActiveCfg = Debug|Any CPU
		{E6C5926F-132F-415D-9C1F-3513F26F5261}.Debug|Any CPU.Build.0 = Debug|Any CPU
		{E6C5926F-132F-415D-9C1F-3513F26F5261}.Release|Any CPU.ActiveCfg = Release|Any CPU
		{E6C5926F-132F-415D-9C1F-3513F26F5261}.Release|Any CPU.Build.0 = Release|Any CPU
	EndGlobalSection
	GlobalSection(SolutionProperties) = preSolution
		HideSolutionNode = FALSE
	EndGlobalSection
	GlobalSection(ExtensibilityGlobals) = postSolution
		SolutionGuid = {60657031-4597-44A2-9D77-E56B40560A2E}
	EndGlobalSection
EndGlobal
